
Microsoft Visual Studio Solution File, Format Version 12.00
# Visual Studio Version 16
VisualStudioVersion = 16.0.31410.357
MinimumVisualStudioVersion = 10.0.40219.1
Project("{9A19103F-16F7-4668-BE54-9A1E7A4F7556}") = "Liquid.Debug.WorkerService", "Liquid.Debug.WorkerService\Liquid.Debug.WorkerService.csproj", "{A3559F9E-302C-499C-9DF0-75345DED4336}"
EndProject
Project("{9A19103F-16F7-4668-BE54-9A1E7A4F7556}") = "Liquid.Debug.Domain", "Liquid.Debug.Domain\Liquid.Debug.Domain.csproj", "{D1AB5E64-EF6E-4BF5-945A-F27800320E78}"
EndProject
Project("{FAE04EC0-301F-11D3-BF4B-00C04F79EFBC}") = "WorkerService1", "WorkerService1\WorkerService1.csproj", "{DDA477ED-0EF8-4DA9-ACEB-5C54B186B255}"
EndProject
Global
	GlobalSection(SolutionConfigurationPlatforms) = preSolution
		Debug|Any CPU = Debug|Any CPU
		Release|Any CPU = Release|Any CPU
	EndGlobalSection
	GlobalSection(ProjectConfigurationPlatforms) = postSolution
		{A3559F9E-302C-499C-9DF0-75345DED4336}.Debug|Any CPU.ActiveCfg = Debug|Any CPU
		{A3559F9E-302C-499C-9DF0-75345DED4336}.Debug|Any CPU.Build.0 = Debug|Any CPU
		{A3559F9E-302C-499C-9DF0-75345DED4336}.Release|Any CPU.ActiveCfg = Release|Any CPU
		{A3559F9E-302C-499C-9DF0-75345DED4336}.Release|Any CPU.Build.0 = Release|Any CPU
		{D1AB5E64-EF6E-4BF5-945A-F27800320E78}.Debug|Any CPU.ActiveCfg = Debug|Any CPU
		{D1AB5E64-EF6E-4BF5-945A-F27800320E78}.Debug|Any CPU.Build.0 = Debug|Any CPU
		{D1AB5E64-EF6E-4BF5-945A-F27800320E78}.Release|Any CPU.ActiveCfg = Release|Any CPU
		{D1AB5E64-EF6E-4BF5-945A-F27800320E78}.Release|Any CPU.Build.0 = Release|Any CPU
		{DDA477ED-0EF8-4DA9-ACEB-5C54B186B255}.Debug|Any CPU.ActiveCfg = Debug|Any CPU
		{DDA477ED-0EF8-4DA9-ACEB-5C54B186B255}.Debug|Any CPU.Build.0 = Debug|Any CPU
		{DDA477ED-0EF8-4DA9-ACEB-5C54B186B255}.Release|Any CPU.ActiveCfg = Release|Any CPU
		{DDA477ED-0EF8-4DA9-ACEB-5C54B186B255}.Release|Any CPU.Build.0 = Release|Any CPU
	EndGlobalSection
	GlobalSection(SolutionProperties) = preSolution
		HideSolutionNode = FALSE
	EndGlobalSection
	GlobalSection(ExtensibilityGlobals) = postSolution
		SolutionGuid = {FF7703C9-13D7-423A-AB0F-D14BE5B6B45E}
	EndGlobalSection
EndGlobal
